// !$*UTF8*$!
{
	archiveVersion = 1;
	classes = {
	};
	objectVersion = 46;
	objects = {

/* Begin PBXBuildFile section */
		F41EF3D50695ED8E00430084 /* CoreServices.framework in Frameworks */ = {isa = PBXBuildFile; fileRef = F41EF3D40695ED8E00430084 /* CoreServices.framework */; };
		F42A247B1DEB030000CD22AD /* NTK.framework in Frameworks */ = {isa = PBXBuildFile; fileRef = F468AD061DEAFF29009DFF66 /* NTK.framework */; };
		F42A247D1DEB05B300CD22AD /* NTK.framework in CopyFiles */ = {isa = PBXBuildFile; fileRef = F468AD061DEAFF29009DFF66 /* NTK.framework */; settings = {ATTRIBUTES = (CodeSignOnCopy, RemoveHeadersOnCopy, ); }; };
		F42A247F1DEB2B8700CD22AD /* ObjectPrinter.cc in Sources */ = {isa = PBXBuildFile; fileRef = F42A247E1DEB2B8700CD22AD /* ObjectPrinter.cc */; };
		F42A24811DEC47AD00CD22AD /* ErrorString.m in Sources */ = {isa = PBXBuildFile; fileRef = F42A24801DEC47AD00CD22AD /* ErrorString.m */; };
		F4C514431D7C2670008E5537 /* RefStar.s in Sources */ = {isa = PBXBuildFile; fileRef = F4C514421D7C2670008E5537 /* RefStar.s */; };
		F4C5145B1D86B8F5008E5537 /* SymbolTable.cc in Sources */ = {isa = PBXBuildFile; fileRef = F4C5145A1D86B8F5008E5537 /* SymbolTable.cc */; };
		F4C5145E1D86BDAC008E5537 /* Reporting.cc in Sources */ = {isa = PBXBuildFile; fileRef = F4C5145C1D86BDAC008E5537 /* Reporting.cc */; };
		F4E496B31E72E927000CD622 /* ResMaker.cc in Sources */ = {isa = PBXBuildFile; fileRef = F434ACCF0C984BAC005AB44D /* ResMaker.cc */; };
		F4F9F7E11D9173F3008E611B /* UnRelocate.cc in Sources */ = {isa = PBXBuildFile; fileRef = F4F9F7E01D9173F3008E611B /* UnRelocate.cc */; };
/* End PBXBuildFile section */

/* Begin PBXCopyFilesBuildPhase section */
		F42A247C1DEB05A600CD22AD /* CopyFiles */ = {
			isa = PBXCopyFilesBuildPhase;
			buildActionMask = 2147483647;
			dstPath = "";
			dstSubfolderSpec = 10;
			files = (
				F42A247D1DEB05B300CD22AD /* NTK.framework in CopyFiles */,
			);
			runOnlyForDeploymentPostprocessing = 0;
		};
/* End PBXCopyFilesBuildPhase section */

/* Begin PBXFileReference section */
		F41EF3D40695ED8E00430084 /* CoreServices.framework */ = {isa = PBXFileReference; lastKnownFileType = wrapper.framework; name = CoreServices.framework; path = /System/Library/Frameworks/CoreServices.framework; sourceTree = "<absolute>"; };
		F42998F5069580EB00CAA2A8 /* ResMaker.app */ = {isa = PBXFileReference; explicitFileType = wrapper.application; includeInIndex = 0; path = ResMaker.app; sourceTree = BUILT_PRODUCTS_DIR; };
		F42A247E1DEB2B8700CD22AD /* ObjectPrinter.cc */ = {isa = PBXFileReference; fileEncoding = 4; lastKnownFileType = sourcecode.cpp.cpp; path = ObjectPrinter.cc; sourceTree = "<group>"; };
		F42A24801DEC47AD00CD22AD /* ErrorString.m */ = {isa = PBXFileReference; fileEncoding = 4; lastKnownFileType = sourcecode.c.objc; name = ErrorString.m; path = ../ErrorString.m; sourceTree = "<group>"; };
		F434ACCE0C984BAC005AB44D /* Info-ResMaker.plist */ = {isa = PBXFileReference; fileEncoding = 4; lastKnownFileType = text.plist.xml; path = "Info-ResMaker.plist"; sourceTree = "<group>"; };
		F434ACCF0C984BAC005AB44D /* ResMaker.cc */ = {isa = PBXFileReference; fileEncoding = 4; lastKnownFileType = sourcecode.cpp.cpp; path = ResMaker.cc; sourceTree = "<group>"; };
		F468AD061DEAFF29009DFF66 /* NTK.framework */ = {isa = PBXFileReference; lastKnownFileType = wrapper.framework; name = NTK.framework; path = "../../newton-toolkit/NTK.framework"; sourceTree = "<group>"; };
		F4C514421D7C2670008E5537 /* RefStar.s */ = {isa = PBXFileReference; fileEncoding = 4; lastKnownFileType = sourcecode.asm; path = RefStar.s; sourceTree = "<group>"; };
		F4C5145A1D86B8F5008E5537 /* SymbolTable.cc */ = {isa = PBXFileReference; fileEncoding = 4; lastKnownFileType = sourcecode.cpp.cpp; path = SymbolTable.cc; sourceTree = "<group>"; };
		F4C5145C1D86BDAC008E5537 /* Reporting.cc */ = {isa = PBXFileReference; fileEncoding = 4; lastKnownFileType = sourcecode.cpp.cpp; path = Reporting.cc; sourceTree = "<group>"; };
		F4C5145D1D86BDAC008E5537 /* Reporting.h */ = {isa = PBXFileReference; fileEncoding = 4; lastKnownFileType = sourcecode.c.h; path = Reporting.h; sourceTree = "<group>"; };
		F4C514601D86C505008E5537 /* SymbolTable.h */ = {isa = PBXFileReference; lastKnownFileType = sourcecode.c.h; path = SymbolTable.h; sourceTree = "<group>"; };
		F4F9F7E01D9173F3008E611B /* UnRelocate.cc */ = {isa = PBXFileReference; fileEncoding = 4; lastKnownFileType = sourcecode.cpp.cpp; path = UnRelocate.cc; sourceTree = "<group>"; };
/* End PBXFileReference section */

/* Begin PBXFrameworksBuildPhase section */
		F42998F1069580EB00CAA2A8 /* Frameworks */ = {
			isa = PBXFrameworksBuildPhase;
			buildActionMask = 2147483647;
			files = (
				F41EF3D50695ED8E00430084 /* CoreServices.framework in Frameworks */,
				F42A247B1DEB030000CD22AD /* NTK.framework in Frameworks */,
			);
			runOnlyForDeploymentPostprocessing = 0;
		};
/* End PBXFrameworksBuildPhase section */

/* Begin PBXGroup section */
		F4BA0CC6069482A200BE8E9A = {
			isa = PBXGroup;
			children = (
				F434ACCE0C984BAC005AB44D /* Info-ResMaker.plist */,
				F4C514421D7C2670008E5537 /* RefStar.s */,
				F4C5145D1D86BDAC008E5537 /* Reporting.h */,
				F4C5145C1D86BDAC008E5537 /* Reporting.cc */,
				F4C514601D86C505008E5537 /* SymbolTable.h */,
				F4C5145A1D86B8F5008E5537 /* SymbolTable.cc */,
				F4F9F7E01D9173F3008E611B /* UnRelocate.cc */,
				F42A24801DEC47AD00CD22AD /* ErrorString.m */,
				F42A247E1DEB2B8700CD22AD /* ObjectPrinter.cc */,
				F434ACCF0C984BAC005AB44D /* ResMaker.cc */,
				F41EF3D40695ED8E00430084 /* CoreServices.framework */,
				F468AD061DEAFF29009DFF66 /* NTK.framework */,
				F4BA0CE306948A3B00BE8E9A /* Products */,
			);
			sourceTree = "<group>";
		};
		F4BA0CE306948A3B00BE8E9A /* Products */ = {
			isa = PBXGroup;
			children = (
				F42998F5069580EB00CAA2A8 /* ResMaker.app */,
			);
			name = Products;
			sourceTree = "<group>";
		};
/* End PBXGroup section */

/* Begin PBXHeadersBuildPhase section */
		F42998EE069580EB00CAA2A8 /* Headers */ = {
			isa = PBXHeadersBuildPhase;
			buildActionMask = 2147483647;
			files = (
			);
			runOnlyForDeploymentPostprocessing = 0;
		};
/* End PBXHeadersBuildPhase section */

/* Begin PBXNativeTarget section */
		F42998ED069580EB00CAA2A8 /* ResMaker */ = {
			isa = PBXNativeTarget;
			buildConfigurationList = F4F9288B0C81CD920077CA66 /* Build configuration list for PBXNativeTarget "ResMaker" */;
			buildPhases = (
				F42998EE069580EB00CAA2A8 /* Headers */,
				F42998EF069580EB00CAA2A8 /* Resources */,
				F42998F0069580EB00CAA2A8 /* Sources */,
				F42998F1069580EB00CAA2A8 /* Frameworks */,
				F42A247C1DEB05A600CD22AD /* CopyFiles */,
			);
			buildRules = (
			);
			dependencies = (
			);
			name = ResMaker;
			productInstallPath = "$(USER_APPS_DIR)";
			productName = MachOtoNTK;
			productReference = F42998F5069580EB00CAA2A8 /* ResMaker.app */;
			productType = "com.apple.product-type.application";
		};
/* End PBXNativeTarget section */

/* Begin PBXProject section */
		F4BA0CCA069482A200BE8E9A /* Project object */ = {
			isa = PBXProject;
			attributes = {
				LastUpgradeCheck = 0820;
			};
			buildConfigurationList = F4F9288F0C81CD920077CA66 /* Build configuration list for PBXProject "ResMaker" */;
			compatibilityVersion = "Xcode 3.2";
			developmentRegion = English;
			hasScannedForEncodings = 1;
			knownRegions = (
				English,
				Japanese,
				French,
				German,
			);
			mainGroup = F4BA0CC6069482A200BE8E9A;
			productRefGroup = F4BA0CE306948A3B00BE8E9A /* Products */;
			projectDirPath = "";
			projectRoot = "";
			targets = (
				F42998ED069580EB00CAA2A8 /* ResMaker */,
			);
		};
/* End PBXProject section */

/* Begin PBXResourcesBuildPhase section */
		F42998EF069580EB00CAA2A8 /* Resources */ = {
			isa = PBXResourcesBuildPhase;
			buildActionMask = 2147483647;
			files = (
			);
			runOnlyForDeploymentPostprocessing = 0;
		};
/* End PBXResourcesBuildPhase section */

/* Begin PBXSourcesBuildPhase section */
		F42998F0069580EB00CAA2A8 /* Sources */ = {
			isa = PBXSourcesBuildPhase;
			buildActionMask = 2147483647;
			files = (
				F4F9F7E11D9173F3008E611B /* UnRelocate.cc in Sources */,
				F4E496B31E72E927000CD622 /* ResMaker.cc in Sources */,
				F42A247F1DEB2B8700CD22AD /* ObjectPrinter.cc in Sources */,
				F4C5145B1D86B8F5008E5537 /* SymbolTable.cc in Sources */,
				F4C5145E1D86BDAC008E5537 /* Reporting.cc in Sources */,
				F4C514431D7C2670008E5537 /* RefStar.s in Sources */,
				F42A24811DEC47AD00CD22AD /* ErrorString.m in Sources */,
			);
			runOnlyForDeploymentPostprocessing = 0;
		};
/* End PBXSourcesBuildPhase section */

/* Begin XCBuildConfiguration section */
		F4F9288C0C81CD920077CA66 /* Debug */ = {
			isa = XCBuildConfiguration;
			buildSettings = {
				COPY_PHASE_STRIP = NO;
				GCC_OPTIMIZATION_LEVEL = 0;
				INFOPLIST_FILE = "Info-ResMaker.plist";
				PRODUCT_NAME = ResMaker;
				WARNING_CFLAGS = (
					"-Wmost",
					"-Wno-four-char-constants",
				);
				WRAPPER_EXTENSION = app;
			};
			name = Debug;
		};
		F4F9288D0C81CD920077CA66 /* Release */ = {
			isa = XCBuildConfiguration;
			buildSettings = {
				COPY_PHASE_STRIP = YES;
				GCC_OPTIMIZATION_LEVEL = 0;
				INFOPLIST_FILE = "Info-ResMaker.plist";
				PRODUCT_NAME = ResMaker;
				WARNING_CFLAGS = (
					"-Wmost",
					"-Wno-four-char-constants",
				);
				WRAPPER_EXTENSION = app;
			};
			name = Release;
		};
		F4F928900C81CD920077CA66 /* Debug */ = {
			isa = XCBuildConfiguration;
			buildSettings = {
				CLANG_ANALYZER_LOCALIZABILITY_NONLOCALIZED = YES;
				CLANG_WARN_BOOL_CONVERSION = YES;
				CLANG_WARN_CONSTANT_CONVERSION = YES;
				CLANG_WARN_EMPTY_BODY = YES;
				CLANG_WARN_ENUM_CONVERSION = YES;
				CLANG_WARN_INFINITE_RECURSION = YES;
				CLANG_WARN_INT_CONVERSION = YES;
				CLANG_WARN_SUSPICIOUS_MOVE = YES;
				CLANG_WARN_UNREACHABLE_CODE = YES;
				CLANG_WARN__DUPLICATE_METHOD_MATCH = YES;
				ENABLE_STRICT_OBJC_MSGSEND = YES;
				ENABLE_TESTABILITY = YES;
				FRAMEWORK_SEARCH_PATHS = "${PROJECT_DIR}/../../newton-toolkit/";
				GCC_NO_COMMON_BLOCKS = YES;
				GCC_WARN_64_TO_32_BIT_CONVERSION = YES;
				GCC_WARN_ABOUT_RETURN_TYPE = YES;
				GCC_WARN_UNDECLARED_SELECTOR = YES;
				GCC_WARN_UNINITIALIZED_AUTOS = YES;
				GCC_WARN_UNUSED_FUNCTION = YES;
				GCC_WARN_UNUSED_VARIABLE = YES;
				ONLY_ACTIVE_ARCH = YES;
				SDKROOT = macosx;
				USER_HEADER_SEARCH_PATHS = "../**";
			};
			name = Debug;
		};
		F4F928910C81CD920077CA66 /* Release */ = {
			isa = XCBuildConfiguration;
			buildSettings = {
				CLANG_ANALYZER_LOCALIZABILITY_NONLOCALIZED = YES;
				CLANG_WARN_BOOL_CONVERSION = YES;
				CLANG_WARN_CONSTANT_CONVERSION = YES;
				CLANG_WARN_EMPTY_BODY = YES;
				CLANG_WARN_ENUM_CONVERSION = YES;
				CLANG_WARN_INFINITE_RECURSION = YES;
				CLANG_WARN_INT_CONVERSION = YES;
				CLANG_WARN_SUSPICIOUS_MOVE = YES;
				CLANG_WARN_UNREACHABLE_CODE = YES;
				CLANG_WARN__DUPLICATE_METHOD_MATCH = YES;
				ENABLE_STRICT_OBJC_MSGSEND = YES;
				FRAMEWORK_SEARCH_PATHS = "${PROJECT_DIR}/../../newton-toolkit/";
				GCC_NO_COMMON_BLOCKS = YES;
				GCC_WARN_64_TO_32_BIT_CONVERSION = YES;
				GCC_WARN_ABOUT_RETURN_TYPE = YES;
				GCC_WARN_UNDECLARED_SELECTOR = YES;
				GCC_WARN_UNINITIALIZED_AUTOS = YES;
				GCC_WARN_UNUSED_FUNCTION = YES;
				GCC_WARN_UNUSED_VARIABLE = YES;
				SDKROOT = macosx;
				USER_HEADER_SEARCH_PATHS = "../**";
			};
			name = Release;
		};
/* End XCBuildConfiguration section */

/* Begin XCConfigurationList section */
		F4F9288B0C81CD920077CA66 /* Build configuration list for PBXNativeTarget "ResMaker" */ = {
			isa = XCConfigurationList;
			buildConfigurations = (
				F4F9288C0C81CD920077CA66 /* Debug */,
				F4F9288D0C81CD920077CA66 /* Release */,
			);
			defaultConfigurationIsVisible = 0;
			defaultConfigurationName = Release;
		};
		F4F9288F0C81CD920077CA66 /* Build configuration list for PBXProject "ResMaker" */ = {
			isa = XCConfigurationList;
			buildConfigurations = (
				F4F928900C81CD920077CA66 /* Debug */,
				F4F928910C81CD920077CA66 /* Release */,
			);
			defaultConfigurationIsVisible = 0;
			defaultConfigurationName = Release;
		};
/* End XCConfigurationList section */
	};
	rootObject = F4BA0CCA069482A200BE8E9A /* Project object */;
}
