<?xml version="1.0" encoding="UTF-8"?>
<Scheme
   LastUpgradeVersion = "0460"
   version = "1.3">
   <BuildAction
      parallelizeBuildables = "YES"
      buildImplicitDependencies = "YES">
      <BuildActionEntries>
         <BuildActionEntry
            buildForTesting = "YES"
            buildForRunning = "YES"
            buildForProfiling = "YES"
            buildForArchiving = "YES"
            buildForAnalyzing = "YES">
            <BuildableReference
               BuildableIdentifier = "primary"
               BlueprintIdentifier = "F42998ED069580EB00CAA2A8"
               BuildableName = "MachOtoNTK.app"
               BlueprintName = "MachOtoNTK"
               ReferencedContainer = "container:AIFtoNTK.xcodeproj">
            </BuildableReference>
         </BuildActionEntry>
      </BuildActionEntries>
   </BuildAction>
   <TestAction
      selectedDebuggerIdentifier = "Xcode.DebuggerFoundation.Debugger.LLDB"
      selectedLauncherIdentifier = "Xcode.DebuggerFoundation.Launcher.LLDB"
      shouldUseLaunchSchemeArgsEnv = "YES"
      buildConfiguration = "Development">
      <Testables>
      </Testables>
      <MacroExpansion>
         <BuildableReference
            BuildableIdentifier = "primary"
            BlueprintIdentifier = "F42998ED069580EB00CAA2A8"
            BuildableName = "MachOtoNTK.app"
            BlueprintName = "MachOtoNTK"
            ReferencedContainer = "container:AIFtoNTK.xcodeproj">
         </BuildableReference>
      </MacroExpansion>
   </TestAction>
   <LaunchAction
      selectedDebuggerIdentifier = "Xcode.DebuggerFoundation.Debugger.LLDB"
      selectedLauncherIdentifier = "Xcode.DebuggerFoundation.Launcher.LLDB"
      launchStyle = "0"
      useCustomWorkingDirectory = "YES"
      customWorkingDirectory = "/Users/simon/Projects/Newton"
      buildConfiguration = "Development"
      ignoresPersistentStateOnLaunch = "NO"
      debugDocumentVersioning = "NO"
      allowLocationSimulation = "YES">
      <BuildableProductRunnable>
         <BuildableReference
            BuildableIdentifier = "primary"
            BlueprintIdentifier = "F42998ED069580EB00CAA2A8"
            BuildableName = "MachOtoNTK.app"
            BlueprintName = "MachOtoNTK"
            ReferencedContainer = "container:AIFtoNTK.xcodeproj">
         </BuildableReference>
      </BuildableProductRunnable>
      <CommandLineArguments>
         <CommandLineArgument
            argument = "-p -via Toolkit.exp -o ./NS/ntkC /Users/simon/Library/Developer/Xcode/DerivedData/NTX-eqnutbdlebkuybducwevtijjzgit/Build/Products/Debug/NTX.app/Contents/MacOS/NTX"
            isEnabled = "NO">
         </CommandLineArgument>
         <CommandLineArgument
            argument = "-p -via Newton.exp -o ./NS/plainC /Users/simon/Library/Developer/Xcode/DerivedData/NewtonMessagePad-eptdctdlzpvohpetootwkjzjvwcl/Build/Products/Debug/MessagePad.app/Contents/MacOS/MessagePad"
            isEnabled = "YES">
         </CommandLineArgument>
      </CommandLineArguments>
      <AdditionalOptions>
      </AdditionalOptions>
   </LaunchAction>
   <ProfileAction
      shouldUseLaunchSchemeArgsEnv = "YES"
      savedToolIdentifier = ""
      useCustomWorkingDirectory = "NO"
      buildConfiguration = "Deployment"
      debugDocumentVersioning = "YES">
      <BuildableProductRunnable>
         <BuildableReference
            BuildableIdentifier = "primary"
            BlueprintIdentifier = "F42998ED069580EB00CAA2A8"
            BuildableName = "MachOtoNTK.app"
            BlueprintName = "MachOtoNTK"
            ReferencedContainer = "container:AIFtoNTK.xcodeproj">
         </BuildableReference>
      </BuildableProductRunnable>
   </ProfileAction>
   <AnalyzeAction
      buildConfiguration = "Development">
   </AnalyzeAction>
   <ArchiveAction
      buildConfiguration = "Deployment"
      revealArchiveInOrganizer = "YES">
   </ArchiveAction>
</Scheme>
